
Microsoft Visual Studio Solution File, Format Version 12.00
# Visual Studio Version 16
VisualStudioVersion = 16.0.29519.181
MinimumVisualStudioVersion = 10.0.40219.1
Project("{FAE04EC0-301F-11D3-BF4B-00C04F79EFBC}") = "MyCalendar WPF App", "MyCalendar WPF App\MyCalendar WPF App.csproj", "{A2C84155-CAF6-4659-9CC8-88E3E4B5F8F8}"
EndProject
Project("{9A19103F-16F7-4668-BE54-9A1E7A4F7556}") = "CustomCalendar", "..\CustomCalendar\CustomCalendar\CustomCalendar.csproj", "{446D8F44-BC48-4837-A083-60600139D51A}"
EndProject
Global
	GlobalSection(SolutionConfigurationPlatforms) = preSolution
		Debug|Any CPU = Debug|Any CPU
		Release|Any CPU = Release|Any CPU
	EndGlobalSection
	GlobalSection(ProjectConfigurationPlatforms) = postSolution
		{A2C84155-CAF6-4659-9CC8-88E3E4B5F8F8}.Debug|Any CPU.ActiveCfg = Debug|Any CPU
		{A2C84155-CAF6-4659-9CC8-88E3E4B5F8F8}.Debug|Any CPU.Build.0 = Debug|Any CPU
		{A2C84155-CAF6-4659-9CC8-88E3E4B5F8F8}.Release|Any CPU.ActiveCfg = Release|Any CPU
		{A2C84155-CAF6-4659-9CC8-88E3E4B5F8F8}.Release|Any CPU.Build.0 = Release|Any CPU
		{446D8F44-BC48-4837-A083-60600139D51A}.Debug|Any CPU.ActiveCfg = Debug|Any CPU
		{446D8F44-BC48-4837-A083-60600139D51A}.Debug|Any CPU.Build.0 = Debug|Any CPU
		{446D8F44-BC48-4837-A083-60600139D51A}.Release|Any CPU.ActiveCfg = Release|Any CPU
		{446D8F44-BC48-4837-A083-60600139D51A}.Release|Any CPU.Build.0 = Release|Any CPU
	EndGlobalSection
	GlobalSection(SolutionProperties) = preSolution
		HideSolutionNode = FALSE
	EndGlobalSection
	GlobalSection(ExtensibilityGlobals) = postSolution
		SolutionGuid = {46E7C472-A1FA-411A-8D5E-B9A013504F2B}
	EndGlobalSection
EndGlobal
