
Microsoft Visual Studio Solution File, Format Version 12.00
# Visual Studio Version 16
VisualStudioVersion = 16.0.29519.181
MinimumVisualStudioVersion = 10.0.40219.1
Project("{FAE04EC0-301F-11D3-BF4B-00C04F79EFBC}") = "MyCalendarUnitTesting", "MyCalendarUnitTesting\MyCalendarUnitTesting.csproj", "{4E84E588-FD08-41F1-AE88-ADE4500B5374}"
EndProject
Global
	GlobalSection(SolutionConfigurationPlatforms) = preSolution
		Debug|Any CPU = Debug|Any CPU
		Release|Any CPU = Release|Any CPU
	EndGlobalSection
	GlobalSection(ProjectConfigurationPlatforms) = postSolution
		{4E84E588-FD08-41F1-AE88-ADE4500B5374}.Debug|Any CPU.ActiveCfg = Debug|Any CPU
		{4E84E588-FD08-41F1-AE88-ADE4500B5374}.Debug|Any CPU.Build.0 = Debug|Any CPU
		{4E84E588-FD08-41F1-AE88-ADE4500B5374}.Release|Any CPU.ActiveCfg = Release|Any CPU
		{4E84E588-FD08-41F1-AE88-ADE4500B5374}.Release|Any CPU.Build.0 = Release|Any CPU
	EndGlobalSection
	GlobalSection(SolutionProperties) = preSolution
		HideSolutionNode = FALSE
	EndGlobalSection
	GlobalSection(ExtensibilityGlobals) = postSolution
		SolutionGuid = {69C87A2D-0280-49B0-AE77-021C39CB6835}
	EndGlobalSection
EndGlobal
